PODS:
  - Alamofire (5.10.2)
  - CocoaMQTT (2.1.6):
    - CocoaMQTT/Core (= 2.1.6)
  - CocoaMQTT/Core (2.1.6):
    - MqttCocoaAsyncSocket (~> 1.0.8)
  - Differentiator (5.0.0)
  - MqttCocoaAsyncSocket (1.0.8)
  - PromiseKit (8.2.0):
    - PromiseKit/CorePromise (= 8.2.0)
    - PromiseKit/Foundation (= 8.2.0)
    - PromiseKit/UIKit (= 8.2.0)
  - PromiseKit/CorePromise (8.2.0)
  - PromiseKit/Foundation (8.2.0):
    - PromiseKit/CorePromise
  - PromiseKit/UIKit (8.2.0):
    - PromiseKit/CorePromise
  - Protobuf (4.33.2)
  - RxAlamofire (6.1.1):
    - RxAlamofire/Core (= 6.1.1)
  - RxAlamofire/Core (6.1.1):
    - Alamofire (~> 5.4)
    - RxSwift (~> 6.0)
  - RxCocoa (6.9.0):
    - RxRelay (= 6.9.0)
    - RxSwift (= 6.9.0)
  - RxDataSources (5.0.0):
    - Differentiator (~> 5.0)
    - RxCocoa (~> 6.0)
    - RxSwift (~> 6.0)
  - RxRelay (6.9.0):
    - RxSwift (= 6.9.0)
  - RxSwift (6.9.0)
  - SnapKit (5.7.1)
  - SwiftProtobuf (1.33.3)

DEPENDENCIES:
  - Alamofire
  - CocoaMQTT
  - MqttCocoaAsyncSocket
  - PromiseKit
  - Protobuf
  - RxAlamofire (~> 6.1)
  - RxCocoa (~> 6.5)
  - RxDataSources (~> 5.0)
  - RxRelay (~> 6.5)
  - RxSwift (~> 6.5)
  - SnapKit
  - SwiftProtobuf

SPEC REPOS:
  https://github.com/CocoaPods/Specs:
    - Alamofire
    - CocoaMQTT
    - Differentiator
    - MqttCocoaAsyncSocket
    - PromiseKit
    - Protobuf
    - RxAlamofire
    - RxCocoa
    - RxDataSources
    - RxRelay
    - RxSwift
    - SnapKit
    - SwiftProtobuf

SPEC CHECKSUMS:
  Alamofire: 7193b3b92c74a07f85569e1a6c4f4237291e7496
  CocoaMQTT: 1f206228b29318eabdacad0c2e4e88575922c27a
  Differentiator: e8497ceab83c1b10ca233716d547b9af21b9344d
  MqttCocoaAsyncSocket: 77d3b74f76228dd5a05d1f9526eab101d415b30c
  PromiseKit: 74e6ab5894856b4762fef547055c809bca91d440
  Protobuf: 16a2e1ce67f7006ced3dc46a02a84a6a15853d55
  RxAlamofire: beb75a1c452d0de225651db4903f5d29d034a620
  RxCocoa: ac16414696ae706516be3e1ab00fcce5bdc9be8a
  RxDataSources: aa47cc1ed6c500fa0dfecac5c979b723542d79cf
  RxRelay: 6b0c930e5cef57d5fe2032571e5e65b78e3cbdb1
  RxSwift: 31649ace6aceeb422e16ff71c60804f9c3281ed9
  SnapKit: d612e99e678a2d3b95bf60b0705ed0a35c03484a
  SwiftProtobuf: e1b437c8e31a4c5577b643249a0bb62ed4f02153

PODFILE CHECKSUM: 38540969b9569276be30234e76b0ad7f91db2619

COCOAPODS: 1.16.2
